# This file is generated by running "yarn install" inside your project.
# Manual changes might be lost - proceed with caution!

__metadata:
  version: 4
  cacheKey: 7

"a@file:../../packages/a::locator=oldapp%40workspace%3A.":
  version: 1.0.0
  resolution: "a@file:../../packages/a#../../packages/a::hash=72eb70&locator=oldapp%40workspace%3A."
  checksum: cecd1a1af3545b582c102e71f3402bce3048bcaefae70d4eaf452361d3da4ac6a5032e94d2655a1eea56ca7e13ab2183070eb05a9f0af5d24a68cbaf9399a368
  languageName: node
  linkType: hard

"oldapp@workspace:.":
  version: 0.0.0-use.local
  resolution: "oldapp@workspace:."
  dependencies:
    a: "file:../../packages/a"
  languageName: unknown
  linkType: soft
